
Microsoft Visual Studio Solution File, Format Version 12.00
# Visual Studio Version 17
VisualStudioVersion = 17.8.34316.72
MinimumVisualStudioVersion = 10.0.40219.1
Project("{FAE04EC0-301F-11D3-BF4B-00C04F79EFBC}") = "SF.Mod37.XamarinHomeApp.UWP", "SF.Mod37.XamarinHomeApp\SF.Mod37.XamarinHomeApp.UWP\SF.Mod37.XamarinHomeApp.UWP.csproj", "{D073DFDA-AD0D-4B1D-936E-E9C246B99BC0}"
EndProject
Project("{FAE04EC0-301F-11D3-BF4B-00C04F79EFBC}") = "SF.Mod37.XamarinHomeApp.Android", "SF.Mod37.XamarinHomeApp\SF.Mod37.XamarinHomeApp.Android\SF.Mod37.XamarinHomeApp.Android.csproj", "{E98E28FB-686C-4045-90F8-8E5209A289C6}"
EndProject
Project("{FAE04EC0-301F-11D3-BF4B-00C04F79EFBC}") = "SF.Mod37.XamarinHomeApp.iOS", "SF.Mod37.XamarinHomeApp\SF.Mod37.XamarinHomeApp.iOS\SF.Mod37.XamarinHomeApp.iOS.csproj", "{F794B146-E174-44FC-9590-7C380DEB2D16}"
EndProject
Project("{FAE04EC0-301F-11D3-BF4B-00C04F79EFBC}") = "SF.Mod37.XamarinHomeApp", "SF.Mod37.XamarinHomeApp\SF.Mod37.XamarinHomeApp\SF.Mod37.XamarinHomeApp.csproj", "{EC5A5B6F-4409-4098-90E1-F435B0BF044D}"
EndProject
Global
	GlobalSection(SolutionConfigurationPlatforms) = preSolution
		Debug|Any CPU = Debug|Any CPU
		Debug|ARM = Debug|ARM
		Debug|iPhone = Debug|iPhone
		Debug|iPhoneSimulator = Debug|iPhoneSimulator
		Debug|x64 = Debug|x64
		Debug|x86 = Debug|x86
		Release|Any CPU = Release|Any CPU
		Release|ARM = Release|ARM
		Release|iPhone = Release|iPhone
		Release|iPhoneSimulator = Release|iPhoneSimulator
		Release|x64 = Release|x64
		Release|x86 = Release|x86
	EndGlobalSection
	GlobalSection(ProjectConfigurationPlatforms) = postSolution
		{D073DFDA-AD0D-4B1D-936E-E9C246B99BC0}.Debug|Any CPU.ActiveCfg = Debug|x64
		{D073DFDA-AD0D-4B1D-936E-E9C246B99BC0}.Debug|Any CPU.Build.0 = Debug|x64
		{D073DFDA-AD0D-4B1D-936E-E9C246B99BC0}.Debug|Any CPU.Deploy.0 = Debug|x64
		{D073DFDA-AD0D-4B1D-936E-E9C246B99BC0}.Debug|ARM.ActiveCfg = Debug|ARM
		{D073DFDA-AD0D-4B1D-936E-E9C246B99BC0}.Debug|ARM.Build.0 = Debug|ARM
		{D073DFDA-AD0D-4B1D-936E-E9C246B99BC0}.Debug|ARM.Deploy.0 = Debug|ARM
		{D073DFDA-AD0D-4B1D-936E-E9C246B99BC0}.Debug|iPhone.ActiveCfg = Debug|x64
		{D073DFDA-AD0D-4B1D-936E-E9C246B99BC0}.Debug|iPhone.Build.0 = Debug|x64
		{D073DFDA-AD0D-4B1D-936E-E9C246B99BC0}.Debug|iPhone.Deploy.0 = Debug|x64
		{D073DFDA-AD0D-4B1D-936E-E9C246B99BC0}.Debug|iPhoneSimulator.ActiveCfg = Debug|x64
		{D073DFDA-AD0D-4B1D-936E-E9C246B99BC0}.Debug|iPhoneSimulator.Build.0 = Debug|x64
		{D073DFDA-AD0D-4B1D-936E-E9C246B99BC0}.Debug|iPhoneSimulator.Deploy.0 = Debug|x64
		{D073DFDA-AD0D-4B1D-936E-E9C246B99BC0}.Debug|x64.ActiveCfg = Debug|x64
		{D073DFDA-AD0D-4B1D-936E-E9C246B99BC0}.Debug|x64.Build.0 = Debug|x64
		{D073DFDA-AD0D-4B1D-936E-E9C246B99BC0}.Debug|x64.Deploy.0 = Debug|x64
		{D073DFDA-AD0D-4B1D-936E-E9C246B99BC0}.Debug|x86.ActiveCfg = Debug|x86
		{D073DFDA-AD0D-4B1D-936E-E9C246B99BC0}.Debug|x86.Build.0 = Debug|x86
		{D073DFDA-AD0D-4B1D-936E-E9C246B99BC0}.Debug|x86.Deploy.0 = Debug|x86
		{D073DFDA-AD0D-4B1D-936E-E9C246B99BC0}.Release|Any CPU.ActiveCfg = Release|x64
		{D073DFDA-AD0D-4B1D-936E-E9C246B99BC0}.Release|Any CPU.Build.0 = Release|x64
		{D073DFDA-AD0D-4B1D-936E-E9C246B99BC0}.Release|Any CPU.Deploy.0 = Release|x64
		{D073DFDA-AD0D-4B1D-936E-E9C246B99BC0}.Release|ARM.ActiveCfg = Release|ARM
		{D073DFDA-AD0D-4B1D-936E-E9C246B99BC0}.Release|ARM.Build.0 = Release|ARM
		{D073DFDA-AD0D-4B1D-936E-E9C246B99BC0}.Release|ARM.Deploy.0 = Release|ARM
		{D073DFDA-AD0D-4B1D-936E-E9C246B99BC0}.Release|iPhone.ActiveCfg = Release|x64
		{D073DFDA-AD0D-4B1D-936E-E9C246B99BC0}.Release|iPhone.Build.0 = Release|x64
		{D073DFDA-AD0D-4B1D-936E-E9C246B99BC0}.Release|iPhone.Deploy.0 = Release|x64
		{D073DFDA-AD0D-4B1D-936E-E9C246B99BC0}.Release|iPhoneSimulator.ActiveCfg = Release|x64
		{D073DFDA-AD0D-4B1D-936E-E9C246B99BC0}.Release|iPhoneSimulator.Build.0 = Release|x64
		{D073DFDA-AD0D-4B1D-936E-E9C246B99BC0}.Release|iPhoneSimulator.Deploy.0 = Release|x64
		{D073DFDA-AD0D-4B1D-936E-E9C246B99BC0}.Release|x64.ActiveCfg = Release|x64
		{D073DFDA-AD0D-4B1D-936E-E9C246B99BC0}.Release|x64.Build.0 = Release|x64
		{D073DFDA-AD0D-4B1D-936E-E9C246B99BC0}.Release|x64.Deploy.0 = Release|x64
		{D073DFDA-AD0D-4B1D-936E-E9C246B99BC0}.Release|x86.ActiveCfg = Release|x86
		{D073DFDA-AD0D-4B1D-936E-E9C246B99BC0}.Release|x86.Build.0 = Release|x86
		{D073DFDA-AD0D-4B1D-936E-E9C246B99BC0}.Release|x86.Deploy.0 = Release|x86
		{E98E28FB-686C-4045-90F8-8E5209A289C6}.Debug|Any CPU.ActiveCfg = Debug|Any CPU
		{E98E28FB-686C-4045-90F8-8E5209A289C6}.Debug|Any CPU.Build.0 = Debug|Any CPU
		{E98E28FB-686C-4045-90F8-8E5209A289C6}.Debug|Any CPU.Deploy.0 = Debug|Any CPU
		{E98E28FB-686C-4045-90F8-8E5209A289C6}.Debug|ARM.ActiveCfg = Debug|Any CPU
		{E98E28FB-686C-4045-90F8-8E5209A289C6}.Debug|ARM.Build.0 = Debug|Any CPU
		{E98E28FB-686C-4045-90F8-8E5209A289C6}.Debug|ARM.Deploy.0 = Debug|Any CPU
		{E98E28FB-686C-4045-90F8-8E5209A289C6}.Debug|iPhone.ActiveCfg = Debug|Any CPU
		{E98E28FB-686C-4045-90F8-8E5209A289C6}.Debug|iPhone.Build.0 = Debug|Any CPU
		{E98E28FB-686C-4045-90F8-8E5209A289C6}.Debug|iPhone.Deploy.0 = Debug|Any CPU
		{E98E28FB-686C-4045-90F8-8E5209A289C6}.Debug|iPhoneSimulator.ActiveCfg = Debug|Any CPU
		{E98E28FB-686C-4045-90F8-8E5209A289C6}.Debug|iPhoneSimulator.Build.0 = Debug|Any CPU
		{E98E28FB-686C-4045-90F8-8E5209A289C6}.Debug|iPhoneSimulator.Deploy.0 = Debug|Any CPU
		{E98E28FB-686C-4045-90F8-8E5209A289C6}.Debug|x64.ActiveCfg = Debug|Any CPU
		{E98E28FB-686C-4045-90F8-8E5209A289C6}.Debug|x64.Build.0 = Debug|Any CPU
		{E98E28FB-686C-4045-90F8-8E5209A289C6}.Debug|x64.Deploy.0 = Debug|Any CPU
		{E98E28FB-686C-4045-90F8-8E5209A289C6}.Debug|x86.ActiveCfg = Debug|Any CPU
		{E98E28FB-686C-4045-90F8-8E5209A289C6}.Debug|x86.Build.0 = Debug|Any CPU
		{E98E28FB-686C-4045-90F8-8E5209A289C6}.Debug|x86.Deploy.0 = Debug|Any CPU
		{E98E28FB-686C-4045-90F8-8E5209A289C6}.Release|Any CPU.ActiveCfg = Release|Any CPU
		{E98E28FB-686C-4045-90F8-8E5209A289C6}.Release|Any CPU.Build.0 = Release|Any CPU
		{E98E28FB-686C-4045-90F8-8E5209A289C6}.Release|Any CPU.Deploy.0 = Release|Any CPU
		{E98E28FB-686C-4045-90F8-8E5209A289C6}.Release|ARM.ActiveCfg = Release|Any CPU
		{E98E28FB-686C-4045-90F8-8E5209A289C6}.Release|ARM.Build.0 = Release|Any CPU
		{E98E28FB-686C-4045-90F8-8E5209A289C6}.Release|ARM.Deploy.0 = Release|Any CPU
		{E98E28FB-686C-4045-90F8-8E5209A289C6}.Release|iPhone.ActiveCfg = Release|Any CPU
		{E98E28FB-686C-4045-90F8-8E5209A289C6}.Release|iPhone.Build.0 = Release|Any CPU
		{E98E28FB-686C-4045-90F8-8E5209A289C6}.Release|iPhone.Deploy.0 = Release|Any CPU
		{E98E28FB-686C-4045-90F8-8E5209A289C6}.Release|iPhoneSimulator.ActiveCfg = Release|Any CPU
		{E98E28FB-686C-4045-90F8-8E5209A289C6}.Release|iPhoneSimulator.Build.0 = Release|Any CPU
		{E98E28FB-686C-4045-90F8-8E5209A289C6}.Release|iPhoneSimulator.Deploy.0 = Release|Any CPU
		{E98E28FB-686C-4045-90F8-8E5209A289C6}.Release|x64.ActiveCfg = Release|Any CPU
		{E98E28FB-686C-4045-90F8-8E5209A289C6}.Release|x64.Build.0 = Release|Any CPU
		{E98E28FB-686C-4045-90F8-8E5209A289C6}.Release|x64.Deploy.0 = Release|Any CPU
		{E98E28FB-686C-4045-90F8-8E5209A289C6}.Release|x86.ActiveCfg = Release|Any CPU
		{E98E28FB-686C-4045-90F8-8E5209A289C6}.Release|x86.Build.0 = Release|Any CPU
		{E98E28FB-686C-4045-90F8-8E5209A289C6}.Release|x86.Deploy.0 = Release|Any CPU
		{F794B146-E174-44FC-9590-7C380DEB2D16}.Debug|Any CPU.ActiveCfg = Debug|iPhoneSimulator
		{F794B146-E174-44FC-9590-7C380DEB2D16}.Debug|Any CPU.Build.0 = Debug|iPhoneSimulator
		{F794B146-E174-44FC-9590-7C380DEB2D16}.Debug|Any CPU.Deploy.0 = Debug|iPhoneSimulator
		{F794B146-E174-44FC-9590-7C380DEB2D16}.Debug|ARM.ActiveCfg = Debug|iPhoneSimulator
		{F794B146-E174-44FC-9590-7C380DEB2D16}.Debug|ARM.Build.0 = Debug|iPhoneSimulator
		{F794B146-E174-44FC-9590-7C380DEB2D16}.Debug|ARM.Deploy.0 = Debug|iPhoneSimulator
		{F794B146-E174-44FC-9590-7C380DEB2D16}.Debug|iPhone.ActiveCfg = Debug|iPhone
		{F794B146-E174-44FC-9590-7C380DEB2D16}.Debug|iPhone.Build.0 = Debug|iPhone
		{F794B146-E174-44FC-9590-7C380DEB2D16}.Debug|iPhone.Deploy.0 = Debug|iPhone
		{F794B146-E174-44FC-9590-7C380DEB2D16}.Debug|iPhoneSimulator.ActiveCfg = Debug|iPhoneSimulator
		{F794B146-E174-44FC-9590-7C380DEB2D16}.Debug|iPhoneSimulator.Build.0 = Debug|iPhoneSimulator
		{F794B146-E174-44FC-9590-7C380DEB2D16}.Debug|iPhoneSimulator.Deploy.0 = Debug|iPhoneSimulator
		{F794B146-E174-44FC-9590-7C380DEB2D16}.Debug|x64.ActiveCfg = Debug|iPhone
		{F794B146-E174-44FC-9590-7C380DEB2D16}.Debug|x64.Build.0 = Debug|iPhone
		{F794B146-E174-44FC-9590-7C380DEB2D16}.Debug|x64.Deploy.0 = Debug|iPhone
		{F794B146-E174-44FC-9590-7C380DEB2D16}.Debug|x86.ActiveCfg = Debug|iPhoneSimulator
		{F794B146-E174-44FC-9590-7C380DEB2D16}.Debug|x86.Build.0 = Debug|iPhoneSimulator
		{F794B146-E174-44FC-9590-7C380DEB2D16}.Debug|x86.Deploy.0 = Debug|iPhoneSimulator
		{F794B146-E174-44FC-9590-7C380DEB2D16}.Release|Any CPU.ActiveCfg = Release|iPhoneSimulator
		{F794B146-E174-44FC-9590-7C380DEB2D16}.Release|Any CPU.Build.0 = Release|iPhoneSimulator
		{F794B146-E174-44FC-9590-7C380DEB2D16}.Release|Any CPU.Deploy.0 = Release|iPhoneSimulator
		{F794B146-E174-44FC-9590-7C380DEB2D16}.Release|ARM.ActiveCfg = Release|iPhoneSimulator
		{F794B146-E174-44FC-9590-7C380DEB2D16}.Release|ARM.Build.0 = Release|iPhoneSimulator
		{F794B146-E174-44FC-9590-7C380DEB2D16}.Release|ARM.Deploy.0 = Release|iPhoneSimulator
		{F794B146-E174-44FC-9590-7C380DEB2D16}.Release|iPhone.ActiveCfg = Release|iPhone
		{F794B146-E174-44FC-9590-7C380DEB2D16}.Release|iPhone.Build.0 = Release|iPhone
		{F794B146-E174-44FC-9590-7C380DEB2D16}.Release|iPhone.Deploy.0 = Release|iPhone
		{F794B146-E174-44FC-9590-7C380DEB2D16}.Release|iPhoneSimulator.ActiveCfg = Release|iPhoneSimulator
		{F794B146-E174-44FC-9590-7C380DEB2D16}.Release|iPhoneSimulator.Build.0 = Release|iPhoneSimulator
		{F794B146-E174-44FC-9590-7C380DEB2D16}.Release|iPhoneSimulator.Deploy.0 = Release|iPhoneSimulator
		{F794B146-E174-44FC-9590-7C380DEB2D16}.Release|x64.ActiveCfg = Release|iPhoneSimulator
		{F794B146-E174-44FC-9590-7C380DEB2D16}.Release|x64.Build.0 = Release|iPhoneSimulator
		{F794B146-E174-44FC-9590-7C380DEB2D16}.Release|x64.Deploy.0 = Release|iPhoneSimulator
		{F794B146-E174-44FC-9590-7C380DEB2D16}.Release|x86.ActiveCfg = Release|iPhoneSimulator
		{F794B146-E174-44FC-9590-7C380DEB2D16}.Release|x86.Build.0 = Release|iPhoneSimulator
		{F794B146-E174-44FC-9590-7C380DEB2D16}.Release|x86.Deploy.0 = Release|iPhoneSimulator
		{EC5A5B6F-4409-4098-90E1-F435B0BF044D}.Debug|Any CPU.ActiveCfg = Debug|Any CPU
		{EC5A5B6F-4409-4098-90E1-F435B0BF044D}.Debug|Any CPU.Build.0 = Debug|Any CPU
		{EC5A5B6F-4409-4098-90E1-F435B0BF044D}.Debug|Any CPU.Deploy.0 = Debug|Any CPU
		{EC5A5B6F-4409-4098-90E1-F435B0BF044D}.Debug|ARM.ActiveCfg = Debug|Any CPU
		{EC5A5B6F-4409-4098-90E1-F435B0BF044D}.Debug|ARM.Build.0 = Debug|Any CPU
		{EC5A5B6F-4409-4098-90E1-F435B0BF044D}.Debug|ARM.Deploy.0 = Debug|Any CPU
		{EC5A5B6F-4409-4098-90E1-F435B0BF044D}.Debug|iPhone.ActiveCfg = Debug|Any CPU
		{EC5A5B6F-4409-4098-90E1-F435B0BF044D}.Debug|iPhone.Build.0 = Debug|Any CPU
		{EC5A5B6F-4409-4098-90E1-F435B0BF044D}.Debug|iPhone.Deploy.0 = Debug|Any CPU
		{EC5A5B6F-4409-4098-90E1-F435B0BF044D}.Debug|iPhoneSimulator.ActiveCfg = Debug|Any CPU
		{EC5A5B6F-4409-4098-90E1-F435B0BF044D}.Debug|iPhoneSimulator.Build.0 = Debug|Any CPU
		{EC5A5B6F-4409-4098-90E1-F435B0BF044D}.Debug|iPhoneSimulator.Deploy.0 = Debug|Any CPU
		{EC5A5B6F-4409-4098-90E1-F435B0BF044D}.Debug|x64.ActiveCfg = Debug|Any CPU
		{EC5A5B6F-4409-4098-90E1-F435B0BF044D}.Debug|x64.Build.0 = Debug|Any CPU
		{EC5A5B6F-4409-4098-90E1-F435B0BF044D}.Debug|x64.Deploy.0 = Debug|Any CPU
		{EC5A5B6F-4409-4098-90E1-F435B0BF044D}.Debug|x86.ActiveCfg = Debug|Any CPU
		{EC5A5B6F-4409-4098-90E1-F435B0BF044D}.Debug|x86.Build.0 = Debug|Any CPU
		{EC5A5B6F-4409-4098-90E1-F435B0BF044D}.Debug|x86.Deploy.0 = Debug|Any CPU
		{EC5A5B6F-4409-4098-90E1-F435B0BF044D}.Release|Any CPU.ActiveCfg = Release|Any CPU
		{EC5A5B6F-4409-4098-90E1-F435B0BF044D}.Release|Any CPU.Build.0 = Release|Any CPU
		{EC5A5B6F-4409-4098-90E1-F435B0BF044D}.Release|Any CPU.Deploy.0 = Release|Any CPU
		{EC5A5B6F-4409-4098-90E1-F435B0BF044D}.Release|ARM.ActiveCfg = Release|Any CPU
		{EC5A5B6F-4409-4098-90E1-F435B0BF044D}.Release|ARM.Build.0 = Release|Any CPU
		{EC5A5B6F-4409-4098-90E1-F435B0BF044D}.Release|ARM.Deploy.0 = Release|Any CPU
		{EC5A5B6F-4409-4098-90E1-F435B0BF044D}.Release|iPhone.ActiveCfg = Release|Any CPU
		{EC5A5B6F-4409-4098-90E1-F435B0BF044D}.Release|iPhone.Build.0 = Release|Any CPU
		{EC5A5B6F-4409-4098-90E1-F435B0BF044D}.Release|iPhone.Deploy.0 = Release|Any CPU
		{EC5A5B6F-4409-4098-90E1-F435B0BF044D}.Release|iPhoneSimulator.ActiveCfg = Release|Any CPU
		{EC5A5B6F-4409-4098-90E1-F435B0BF044D}.Release|iPhoneSimulator.Build.0 = Release|Any CPU
		{EC5A5B6F-4409-4098-90E1-F435B0BF044D}.Release|iPhoneSimulator.Deploy.0 = Release|Any CPU
		{EC5A5B6F-4409-4098-90E1-F435B0BF044D}.Release|x64.ActiveCfg = Release|Any CPU
		{EC5A5B6F-4409-4098-90E1-F435B0BF044D}.Release|x64.Build.0 = Release|Any CPU
		{EC5A5B6F-4409-4098-90E1-F435B0BF044D}.Release|x64.Deploy.0 = Release|Any CPU
		{EC5A5B6F-4409-4098-90E1-F435B0BF044D}.Release|x86.ActiveCfg = Release|Any CPU
		{EC5A5B6F-4409-4098-90E1-F435B0BF044D}.Release|x86.Build.0 = Release|Any CPU
		{EC5A5B6F-4409-4098-90E1-F435B0BF044D}.Release|x86.Deploy.0 = Release|Any CPU
	EndGlobalSection
	GlobalSection(SolutionProperties) = preSolution
		HideSolutionNode = FALSE
	EndGlobalSection
	GlobalSection(ExtensibilityGlobals) = postSolution
		SolutionGuid = {D01ABF12-40F7-42FF-A28F-866E55B69FB6}
	EndGlobalSection
EndGlobal
